
Microsoft Visual Studio Solution File, Format Version 12.00
# Visual Studio Version 17
VisualStudioVersion = 17.4.33122.133
MinimumVisualStudioVersion = 10.0.40219.1
Project("{2150E333-8FDC-42A3-9474-1A3956D46DE8}") = "Servicios", "Servicios", "{BD00D599-6E55-4FA5-9550-92E66B3F5E7C}"
EndProject
Project("{FAE04EC0-301F-11D3-BF4B-00C04F79EFBC}") = "API", "API\API.csproj", "{953AFA4E-99B8-44F5-9299-58A07708CF34}"
EndProject
Project("{2150E333-8FDC-42A3-9474-1A3956D46DE8}") = "AccesoDatos", "AccesoDatos", "{01226D20-0C97-49D7-A07B-5741A0B08CBF}"
EndProject
Project("{2150E333-8FDC-42A3-9474-1A3956D46DE8}") = "Negocio", "Negocio", "{66C3DB2D-70BC-4D8F-8BEA-54CD88C31DAB}"
EndProject
Project("{2150E333-8FDC-42A3-9474-1A3956D46DE8}") = "Transversal", "Transversal", "{88FBA06F-CB67-4FEB-8923-8172D21CBE12}"
EndProject
Project("{FAE04EC0-301F-11D3-BF4B-00C04F79EFBC}") = "DTO", "DTO\DTO.csproj", "{B02666DB-C35C-4372-9A34-1F8F122C701A}"
EndProject
Project("{FAE04EC0-301F-11D3-BF4B-00C04F79EFBC}") = "BM", "BM\BM.csproj", "{BFF3586E-68CB-4D47-AB0B-21DD9CB07EAE}"
EndProject
Project("{FAE04EC0-301F-11D3-BF4B-00C04F79EFBC}") = "DM", "DM\DM.csproj", "{99F62FFD-F7C0-4316-B07E-B5AF836950A1}"
EndProject
Project("{FAE04EC0-301F-11D3-BF4B-00C04F79EFBC}") = "SOPORTE", "SOPORTE\SOPORTE.csproj", "{DC6F0AD0-4C2D-4693-9498-C12955CABD63}"
EndProject
Global
	GlobalSection(SolutionConfigurationPlatforms) = preSolution
		Debug|Any CPU = Debug|Any CPU
		Release|Any CPU = Release|Any CPU
	EndGlobalSection
	GlobalSection(ProjectConfigurationPlatforms) = postSolution
		{953AFA4E-99B8-44F5-9299-58A07708CF34}.Debug|Any CPU.ActiveCfg = Debug|Any CPU
		{953AFA4E-99B8-44F5-9299-58A07708CF34}.Debug|Any CPU.Build.0 = Debug|Any CPU
		{953AFA4E-99B8-44F5-9299-58A07708CF34}.Release|Any CPU.ActiveCfg = Release|Any CPU
		{953AFA4E-99B8-44F5-9299-58A07708CF34}.Release|Any CPU.Build.0 = Release|Any CPU
		{B02666DB-C35C-4372-9A34-1F8F122C701A}.Debug|Any CPU.ActiveCfg = Debug|Any CPU
		{B02666DB-C35C-4372-9A34-1F8F122C701A}.Debug|Any CPU.Build.0 = Debug|Any CPU
		{B02666DB-C35C-4372-9A34-1F8F122C701A}.Release|Any CPU.ActiveCfg = Release|Any CPU
		{B02666DB-C35C-4372-9A34-1F8F122C701A}.Release|Any CPU.Build.0 = Release|Any CPU
		{BFF3586E-68CB-4D47-AB0B-21DD9CB07EAE}.Debug|Any CPU.ActiveCfg = Debug|Any CPU
		{BFF3586E-68CB-4D47-AB0B-21DD9CB07EAE}.Debug|Any CPU.Build.0 = Debug|Any CPU
		{BFF3586E-68CB-4D47-AB0B-21DD9CB07EAE}.Release|Any CPU.ActiveCfg = Release|Any CPU
		{BFF3586E-68CB-4D47-AB0B-21DD9CB07EAE}.Release|Any CPU.Build.0 = Release|Any CPU
		{99F62FFD-F7C0-4316-B07E-B5AF836950A1}.Debug|Any CPU.ActiveCfg = Debug|Any CPU
		{99F62FFD-F7C0-4316-B07E-B5AF836950A1}.Debug|Any CPU.Build.0 = Debug|Any CPU
		{99F62FFD-F7C0-4316-B07E-B5AF836950A1}.Release|Any CPU.ActiveCfg = Release|Any CPU
		{99F62FFD-F7C0-4316-B07E-B5AF836950A1}.Release|Any CPU.Build.0 = Release|Any CPU
		{DC6F0AD0-4C2D-4693-9498-C12955CABD63}.Debug|Any CPU.ActiveCfg = Debug|Any CPU
		{DC6F0AD0-4C2D-4693-9498-C12955CABD63}.Debug|Any CPU.Build.0 = Debug|Any CPU
		{DC6F0AD0-4C2D-4693-9498-C12955CABD63}.Release|Any CPU.ActiveCfg = Release|Any CPU
		{DC6F0AD0-4C2D-4693-9498-C12955CABD63}.Release|Any CPU.Build.0 = Release|Any CPU
	EndGlobalSection
	GlobalSection(SolutionProperties) = preSolution
		HideSolutionNode = FALSE
	EndGlobalSection
	GlobalSection(NestedProjects) = preSolution
		{953AFA4E-99B8-44F5-9299-58A07708CF34} = {BD00D599-6E55-4FA5-9550-92E66B3F5E7C}
		{B02666DB-C35C-4372-9A34-1F8F122C701A} = {88FBA06F-CB67-4FEB-8923-8172D21CBE12}
		{BFF3586E-68CB-4D47-AB0B-21DD9CB07EAE} = {66C3DB2D-70BC-4D8F-8BEA-54CD88C31DAB}
		{99F62FFD-F7C0-4316-B07E-B5AF836950A1} = {01226D20-0C97-49D7-A07B-5741A0B08CBF}
		{DC6F0AD0-4C2D-4693-9498-C12955CABD63} = {88FBA06F-CB67-4FEB-8923-8172D21CBE12}
	EndGlobalSection
	GlobalSection(ExtensibilityGlobals) = postSolution
		SolutionGuid = {5A3D7695-673C-4700-B8FC-C68D03C02C88}
	EndGlobalSection
EndGlobal
